
Microsoft Visual Studio Solution File, Format Version 12.00
# Visual Studio Version 17
VisualStudioVersion = 17.9.34728.123
MinimumVisualStudioVersion = 10.0.40219.1
Project("{FAE04EC0-301F-11D3-BF4B-00C04F79EFBC}") = "Prn212", "Prn212\Prn212.csproj", "{35F30B64-EA4E-40C6-98A9-6E29BE9D8145}"
EndProject
Global
	GlobalSection(SolutionConfigurationPlatforms) = preSolution
		Debug|Any CPU = Debug|Any CPU
		Release|Any CPU = Release|Any CPU
	EndGlobalSection
	GlobalSection(ProjectConfigurationPlatforms) = postSolution
		{35F30B64-EA4E-40C6-98A9-6E29BE9D8145}.Debug|Any CPU.ActiveCfg = Debug|Any CPU
		{35F30B64-EA4E-40C6-98A9-6E29BE9D8145}.Debug|Any CPU.Build.0 = Debug|Any CPU
		{35F30B64-EA4E-40C6-98A9-6E29BE9D8145}.Release|Any CPU.ActiveCfg = Release|Any CPU
		{35F30B64-EA4E-40C6-98A9-6E29BE9D8145}.Release|Any CPU.Build.0 = Release|Any CPU
	EndGlobalSection
	GlobalSection(SolutionProperties) = preSolution
		HideSolutionNode = FALSE
	EndGlobalSection
	GlobalSection(ExtensibilityGlobals) = postSolution
		SolutionGuid = {E1841F33-4F26-470D-8280-78878E056D71}
	EndGlobalSection
EndGlobal
